
Microsoft Visual Studio Solution File, Format Version 12.00
# Visual Studio 2012
Project("{FAE04EC0-301F-11D3-BF4B-00C04F79EFBC}") = "Xprema Xaina", "Xprema Xaina\Xprema Xaina.csproj", "{82FB8714-1A16-4840-B9DA-294E8106D8B3}"
EndProject
Global
	GlobalSection(SolutionConfigurationPlatforms) = preSolution
		Debug|Any CPU = Debug|Any CPU
		Release|Any CPU = Release|Any CPU
	EndGlobalSection
	GlobalSection(ProjectConfigurationPlatforms) = postSolution
		{82FB8714-1A16-4840-B9DA-294E8106D8B3}.Debug|Any CPU.ActiveCfg = Debug|Any CPU
		{82FB8714-1A16-4840-B9DA-294E8106D8B3}.Debug|Any CPU.Build.0 = Debug|Any CPU
		{82FB8714-1A16-4840-B9DA-294E8106D8B3}.Release|Any CPU.ActiveCfg = Release|Any CPU
		{82FB8714-1A16-4840-B9DA-294E8106D8B3}.Release|Any CPU.Build.0 = Release|Any CPU
	EndGlobalSection
	GlobalSection(SolutionProperties) = preSolution
		HideSolutionNode = FALSE
	EndGlobalSection
EndGlobal
